
Microsoft Visual Studio Solution File, Format Version 12.00
# Visual Studio 15
VisualStudioVersion = 15.0.27703.2026
MinimumVisualStudioVersion = 10.0.40219.1
Project("{FAE04EC0-301F-11D3-BF4B-00C04F79EFBC}") = "ConsoleAppSevo", "ConsoleAppSevo\ConsoleAppSevo.csproj", "{09676342-272F-4D8C-AEEF-48BB026D1CE7}"
EndProject
Global
	GlobalSection(SolutionConfigurationPlatforms) = preSolution
		Debug|Any CPU = Debug|Any CPU
		Release|Any CPU = Release|Any CPU
	EndGlobalSection
	GlobalSection(ProjectConfigurationPlatforms) = postSolution
		{09676342-272F-4D8C-AEEF-48BB026D1CE7}.Debug|Any CPU.ActiveCfg = Debug|Any CPU
		{09676342-272F-4D8C-AEEF-48BB026D1CE7}.Debug|Any CPU.Build.0 = Debug|Any CPU
		{09676342-272F-4D8C-AEEF-48BB026D1CE7}.Release|Any CPU.ActiveCfg = Release|Any CPU
		{09676342-272F-4D8C-AEEF-48BB026D1CE7}.Release|Any CPU.Build.0 = Release|Any CPU
	EndGlobalSection
	GlobalSection(SolutionProperties) = preSolution
		HideSolutionNode = FALSE
	EndGlobalSection
	GlobalSection(ExtensibilityGlobals) = postSolution
		SolutionGuid = {D292F463-6C93-4E4F-984A-0B89156C4262}
	EndGlobalSection
EndGlobal
