
Microsoft Visual Studio Solution File, Format Version 12.00
# Visual Studio 15
VisualStudioVersion = 15.0.27703.2026
MinimumVisualStudioVersion = 10.0.40219.1
Project("{FAE04EC0-301F-11D3-BF4B-00C04F79EFBC}") = "WpfPopWindows", "WpfPopWindows\WpfPopWindows.csproj", "{BBD88F38-6C14-42A3-9C10-412C6295E723}"
EndProject
Global
	GlobalSection(SolutionConfigurationPlatforms) = preSolution
		Debug|Any CPU = Debug|Any CPU
		Release|Any CPU = Release|Any CPU
	EndGlobalSection
	GlobalSection(ProjectConfigurationPlatforms) = postSolution
		{BBD88F38-6C14-42A3-9C10-412C6295E723}.Debug|Any CPU.ActiveCfg = Debug|Any CPU
		{BBD88F38-6C14-42A3-9C10-412C6295E723}.Debug|Any CPU.Build.0 = Debug|Any CPU
		{BBD88F38-6C14-42A3-9C10-412C6295E723}.Release|Any CPU.ActiveCfg = Release|Any CPU
		{BBD88F38-6C14-42A3-9C10-412C6295E723}.Release|Any CPU.Build.0 = Release|Any CPU
	EndGlobalSection
	GlobalSection(SolutionProperties) = preSolution
		HideSolutionNode = FALSE
	EndGlobalSection
	GlobalSection(ExtensibilityGlobals) = postSolution
		SolutionGuid = {50BC8CF8-1DF6-4982-AD78-DBCC5B52E6C5}
	EndGlobalSection
EndGlobal
