
Microsoft Visual Studio Solution File, Format Version 10.00
# Visual Studio 2008
Project("{2150E333-8FDC-42A3-9474-1A3956D46DE8}") = "Example1", "Example1", "{820027D0-3CA1-4744-A9F4-909A2C65476C}"
EndProject
Project("{2150E333-8FDC-42A3-9474-1A3956D46DE8}") = "Example2", "Example2", "{156B4E10-755E-4B26-BFBA-EEE1FB403FAD}"
EndProject
Project("{FAE04EC0-301F-11D3-BF4B-00C04F79EFBC}") = "WinForm", "Example1\WinForm\WinForm.csproj", "{7D3DD4AF-1355-4DBC-AB15-D9AE415F6E4E}"
EndProject
Project("{FAE04EC0-301F-11D3-BF4B-00C04F79EFBC}") = "Wpf", "Example1\Wpf\Wpf.csproj", "{255C3089-795D-4741-90F1-17B667E59446}"
EndProject
Project("{FAE04EC0-301F-11D3-BF4B-00C04F79EFBC}") = "WinForm", "Example2\WinForm\WinForm.csproj", "{09629398-868E-4986-9F10-5CA3EF8BC859}"
EndProject
Project("{FAE04EC0-301F-11D3-BF4B-00C04F79EFBC}") = "Wpf", "Example2\Wpf\Wpf.csproj", "{1ADE3B65-5740-4D16-9FDA-BB6E641713E1}"
EndProject
Project("{FAE04EC0-301F-11D3-BF4B-00C04F79EFBC}") = "Example3", "Example3\Example3.csproj", "{0A88EB92-8E6B-4CD4-A76E-9BF1947F3CF6}"
EndProject
Project("{FAE04EC0-301F-11D3-BF4B-00C04F79EFBC}") = "Example4", "Example4\Example4.csproj", "{6D57E464-A87D-4B0F-AA56-3CAE414640F6}"
EndProject
Project("{FAE04EC0-301F-11D3-BF4B-00C04F79EFBC}") = "Example5", "Example5\Example5.csproj", "{34D28983-DA99-4566-952F-D2DBD582462F}"
EndProject
Global
	GlobalSection(SolutionConfigurationPlatforms) = preSolution
		Debug|x86 = Debug|x86
		Release|x86 = Release|x86
	EndGlobalSection
	GlobalSection(ProjectConfigurationPlatforms) = postSolution
		{7D3DD4AF-1355-4DBC-AB15-D9AE415F6E4E}.Debug|x86.ActiveCfg = Debug|x86
		{7D3DD4AF-1355-4DBC-AB15-D9AE415F6E4E}.Debug|x86.Build.0 = Debug|x86
		{7D3DD4AF-1355-4DBC-AB15-D9AE415F6E4E}.Release|x86.ActiveCfg = Release|x86
		{7D3DD4AF-1355-4DBC-AB15-D9AE415F6E4E}.Release|x86.Build.0 = Release|x86
		{255C3089-795D-4741-90F1-17B667E59446}.Debug|x86.ActiveCfg = Debug|x86
		{255C3089-795D-4741-90F1-17B667E59446}.Debug|x86.Build.0 = Debug|x86
		{255C3089-795D-4741-90F1-17B667E59446}.Release|x86.ActiveCfg = Release|x86
		{255C3089-795D-4741-90F1-17B667E59446}.Release|x86.Build.0 = Release|x86
		{09629398-868E-4986-9F10-5CA3EF8BC859}.Debug|x86.ActiveCfg = Debug|x86
		{09629398-868E-4986-9F10-5CA3EF8BC859}.Debug|x86.Build.0 = Debug|x86
		{09629398-868E-4986-9F10-5CA3EF8BC859}.Release|x86.ActiveCfg = Release|x86
		{09629398-868E-4986-9F10-5CA3EF8BC859}.Release|x86.Build.0 = Release|x86
		{1ADE3B65-5740-4D16-9FDA-BB6E641713E1}.Debug|x86.ActiveCfg = Debug|x86
		{1ADE3B65-5740-4D16-9FDA-BB6E641713E1}.Debug|x86.Build.0 = Debug|x86
		{1ADE3B65-5740-4D16-9FDA-BB6E641713E1}.Release|x86.ActiveCfg = Release|x86
		{1ADE3B65-5740-4D16-9FDA-BB6E641713E1}.Release|x86.Build.0 = Release|x86
		{0A88EB92-8E6B-4CD4-A76E-9BF1947F3CF6}.Debug|x86.ActiveCfg = Debug|x86
		{0A88EB92-8E6B-4CD4-A76E-9BF1947F3CF6}.Debug|x86.Build.0 = Debug|x86
		{0A88EB92-8E6B-4CD4-A76E-9BF1947F3CF6}.Release|x86.ActiveCfg = Release|x86
		{0A88EB92-8E6B-4CD4-A76E-9BF1947F3CF6}.Release|x86.Build.0 = Release|x86
		{6D57E464-A87D-4B0F-AA56-3CAE414640F6}.Debug|x86.ActiveCfg = Debug|x86
		{6D57E464-A87D-4B0F-AA56-3CAE414640F6}.Debug|x86.Build.0 = Debug|x86
		{6D57E464-A87D-4B0F-AA56-3CAE414640F6}.Release|x86.ActiveCfg = Release|x86
		{6D57E464-A87D-4B0F-AA56-3CAE414640F6}.Release|x86.Build.0 = Release|x86
		{34D28983-DA99-4566-952F-D2DBD582462F}.Debug|x86.ActiveCfg = Debug|x86
		{34D28983-DA99-4566-952F-D2DBD582462F}.Debug|x86.Build.0 = Debug|x86
		{34D28983-DA99-4566-952F-D2DBD582462F}.Release|x86.ActiveCfg = Release|x86
		{34D28983-DA99-4566-952F-D2DBD582462F}.Release|x86.Build.0 = Release|x86
	EndGlobalSection
	GlobalSection(SolutionProperties) = preSolution
		HideSolutionNode = FALSE
	EndGlobalSection
	GlobalSection(NestedProjects) = preSolution
		{7D3DD4AF-1355-4DBC-AB15-D9AE415F6E4E} = {820027D0-3CA1-4744-A9F4-909A2C65476C}
		{255C3089-795D-4741-90F1-17B667E59446} = {820027D0-3CA1-4744-A9F4-909A2C65476C}
		{09629398-868E-4986-9F10-5CA3EF8BC859} = {156B4E10-755E-4B26-BFBA-EEE1FB403FAD}
		{1ADE3B65-5740-4D16-9FDA-BB6E641713E1} = {156B4E10-755E-4B26-BFBA-EEE1FB403FAD}
	EndGlobalSection
EndGlobal
