
Microsoft Visual Studio Solution File, Format Version 12.00
# Visual Studio 15
VisualStudioVersion = 15.0.28307.852
MinimumVisualStudioVersion = 10.0.40219.1
Project("{FAE04EC0-301F-11D3-BF4B-00C04F79EFBC}") = "CvsBuffer", "CvsBuffer\CvsBuffer.csproj", "{A8F68822-4415-4E64-9B00-7331B480EFE1}"
EndProject
Project("{FAE04EC0-301F-11D3-BF4B-00C04F79EFBC}") = "Common", "..\Common\Common\Common.csproj", "{6929ADF7-96F4-46BB-9392-AFCA7CAB79DC}"
EndProject
Global
	GlobalSection(SolutionConfigurationPlatforms) = preSolution
		Debug|Any CPU = Debug|Any CPU
		Release|Any CPU = Release|Any CPU
	EndGlobalSection
	GlobalSection(ProjectConfigurationPlatforms) = postSolution
		{A8F68822-4415-4E64-9B00-7331B480EFE1}.Debug|Any CPU.ActiveCfg = Debug|Any CPU
		{A8F68822-4415-4E64-9B00-7331B480EFE1}.Debug|Any CPU.Build.0 = Debug|Any CPU
		{A8F68822-4415-4E64-9B00-7331B480EFE1}.Release|Any CPU.ActiveCfg = Release|Any CPU
		{A8F68822-4415-4E64-9B00-7331B480EFE1}.Release|Any CPU.Build.0 = Release|Any CPU
		{6929ADF7-96F4-46BB-9392-AFCA7CAB79DC}.Debug|Any CPU.ActiveCfg = Debug|Any CPU
		{6929ADF7-96F4-46BB-9392-AFCA7CAB79DC}.Debug|Any CPU.Build.0 = Debug|Any CPU
		{6929ADF7-96F4-46BB-9392-AFCA7CAB79DC}.Release|Any CPU.ActiveCfg = Release|Any CPU
		{6929ADF7-96F4-46BB-9392-AFCA7CAB79DC}.Release|Any CPU.Build.0 = Release|Any CPU
	EndGlobalSection
	GlobalSection(SolutionProperties) = preSolution
		HideSolutionNode = FALSE
	EndGlobalSection
	GlobalSection(ExtensibilityGlobals) = postSolution
		SolutionGuid = {1BFE07BB-FE9D-4697-9631-658C1974BCDB}
	EndGlobalSection
EndGlobal
