
Microsoft Visual Studio Solution File, Format Version 12.00
# Visual Studio 15
VisualStudioVersion = 15.0.28307.852
MinimumVisualStudioVersion = 10.0.40219.1
Project("{FAE04EC0-301F-11D3-BF4B-00C04F79EFBC}") = "WpfApp", "WpfApp\WpfApp.csproj", "{40E2A8E2-B59E-4D25-A129-DBF9A638ABE0}"
EndProject
Global
	GlobalSection(SolutionConfigurationPlatforms) = preSolution
		Debug|Any CPU = Debug|Any CPU
		Debug|x64 = Debug|x64
		Release|Any CPU = Release|Any CPU
		Release|x64 = Release|x64
	EndGlobalSection
	GlobalSection(ProjectConfigurationPlatforms) = postSolution
		{40E2A8E2-B59E-4D25-A129-DBF9A638ABE0}.Debug|Any CPU.ActiveCfg = Debug|Any CPU
		{40E2A8E2-B59E-4D25-A129-DBF9A638ABE0}.Debug|Any CPU.Build.0 = Debug|Any CPU
		{40E2A8E2-B59E-4D25-A129-DBF9A638ABE0}.Debug|x64.ActiveCfg = Debug|x64
		{40E2A8E2-B59E-4D25-A129-DBF9A638ABE0}.Debug|x64.Build.0 = Debug|x64
		{40E2A8E2-B59E-4D25-A129-DBF9A638ABE0}.Release|Any CPU.ActiveCfg = Release|Any CPU
		{40E2A8E2-B59E-4D25-A129-DBF9A638ABE0}.Release|Any CPU.Build.0 = Release|Any CPU
		{40E2A8E2-B59E-4D25-A129-DBF9A638ABE0}.Release|x64.ActiveCfg = Release|x64
		{40E2A8E2-B59E-4D25-A129-DBF9A638ABE0}.Release|x64.Build.0 = Release|x64
	EndGlobalSection
	GlobalSection(SolutionProperties) = preSolution
		HideSolutionNode = FALSE
	EndGlobalSection
	GlobalSection(ExtensibilityGlobals) = postSolution
		SolutionGuid = {22785014-AD7A-4BDC-A387-8BE5F70E72EF}
	EndGlobalSection
EndGlobal
