
Microsoft Visual Studio Solution File, Format Version 12.00
# Visual Studio 15
VisualStudioVersion = 15.0.27703.2026
MinimumVisualStudioVersion = 10.0.40219.1
Project("{FAE04EC0-301F-11D3-BF4B-00C04F79EFBC}") = "serv", "serv\serv.csproj", "{949D279D-EDC5-4D73-874E-D236318247AA}"
EndProject
Global
	GlobalSection(SolutionConfigurationPlatforms) = preSolution
		Debug|Any CPU = Debug|Any CPU
		Release|Any CPU = Release|Any CPU
	EndGlobalSection
	GlobalSection(ProjectConfigurationPlatforms) = postSolution
		{949D279D-EDC5-4D73-874E-D236318247AA}.Debug|Any CPU.ActiveCfg = Debug|Any CPU
		{949D279D-EDC5-4D73-874E-D236318247AA}.Debug|Any CPU.Build.0 = Debug|Any CPU
		{949D279D-EDC5-4D73-874E-D236318247AA}.Release|Any CPU.ActiveCfg = Release|Any CPU
		{949D279D-EDC5-4D73-874E-D236318247AA}.Release|Any CPU.Build.0 = Release|Any CPU
	EndGlobalSection
	GlobalSection(SolutionProperties) = preSolution
		HideSolutionNode = FALSE
	EndGlobalSection
	GlobalSection(ExtensibilityGlobals) = postSolution
		SolutionGuid = {409200DF-6626-4C5F-86B2-9D29F63D255C}
	EndGlobalSection
EndGlobal
