
Microsoft Visual Studio Solution File, Format Version 12.00
# Visual Studio 15
VisualStudioVersion = 15.0.27703.2026
MinimumVisualStudioVersion = 10.0.40219.1
Project("{FAE04EC0-301F-11D3-BF4B-00C04F79EFBC}") = "WpfEffect", "WpfEffect\WpfEffect.csproj", "{4BDAD58A-933C-40AB-B812-E11B4EF89655}"
EndProject
Global
	GlobalSection(SolutionConfigurationPlatforms) = preSolution
		Debug|Any CPU = Debug|Any CPU
		Release|Any CPU = Release|Any CPU
	EndGlobalSection
	GlobalSection(ProjectConfigurationPlatforms) = postSolution
		{4BDAD58A-933C-40AB-B812-E11B4EF89655}.Debug|Any CPU.ActiveCfg = Debug|Any CPU
		{4BDAD58A-933C-40AB-B812-E11B4EF89655}.Debug|Any CPU.Build.0 = Debug|Any CPU
		{4BDAD58A-933C-40AB-B812-E11B4EF89655}.Release|Any CPU.ActiveCfg = Release|Any CPU
		{4BDAD58A-933C-40AB-B812-E11B4EF89655}.Release|Any CPU.Build.0 = Release|Any CPU
	EndGlobalSection
	GlobalSection(SolutionProperties) = preSolution
		HideSolutionNode = FALSE
	EndGlobalSection
	GlobalSection(ExtensibilityGlobals) = postSolution
		SolutionGuid = {6F42A7F2-9126-4480-8FC4-A3CC28957030}
	EndGlobalSection
EndGlobal
